{
  "name": "app",
  "version": "0.0.0",
  "lockfileVersion": 1,
  "requires": true,
  "dependencies": {
    "@cloudflare/workers-types": {
      "version": "2.2.1",
      "resolved": "https://registry.npmjs.org/@cloudflare/workers-types/-/workers-types-2.2.1.tgz",
      "integrity": "sha512-gxI3CytBWzdtvQ7tu3I1biYN6QU18OInYKfOL5Twlbs4dRTx4ib5/2FrzwYaPFFfCg5ocy38aG1A/69satjXBQ==",
      "dev": true
    },
    "esbuild": {
      "version": "0.11.4",
      "resolved": "https://registry.npmjs.org/esbuild/-/esbuild-0.11.4.tgz",
      "integrity": "sha512-qWGlOOTwyTn4f846LoR47Mif4Aek4rY9ChdXN7q7G15HpDYq3pxwnPFWe2os/jOq8naFh2Z+FqWfkq8ZP6kATw==",
      "dev": true
    }
  }
}
